
Microsoft Visual Studio Solution File, Format Version 12.00
# Visual Studio Version 17
VisualStudioVersion = 17.6.33829.357
MinimumVisualStudioVersion = 10.0.40219.1
Project("{FAE04EC0-301F-11D3-BF4B-00C04F79EFBC}") = "EbyaLite", "EbyaLite\EbyaLite.csproj", "{3B371477-FDAE-458B-A512-375272F04DD1}"
EndProject
Global
	GlobalSection(SolutionConfigurationPlatforms) = preSolution
		Debug|Any CPU = Debug|Any CPU
		Release|Any CPU = Release|Any CPU
	EndGlobalSection
	GlobalSection(ProjectConfigurationPlatforms) = postSolution
		{3B371477-FDAE-458B-A512-375272F04DD1}.Debug|Any CPU.ActiveCfg = Debug|Any CPU
		{3B371477-FDAE-458B-A512-375272F04DD1}.Debug|Any CPU.Build.0 = Debug|Any CPU
		{3B371477-FDAE-458B-A512-375272F04DD1}.Release|Any CPU.ActiveCfg = Release|Any CPU
		{3B371477-FDAE-458B-A512-375272F04DD1}.Release|Any CPU.Build.0 = Release|Any CPU
	EndGlobalSection
	GlobalSection(SolutionProperties) = preSolution
		HideSolutionNode = FALSE
	EndGlobalSection
	GlobalSection(ExtensibilityGlobals) = postSolution
		SolutionGuid = {2183C6A3-910F-40F4-A068-9FD215F1CE58}
	EndGlobalSection
EndGlobal
